
Microsoft Visual Studio Solution File, Format Version 12.00
# Visual Studio 2012
Project("{FAE04EC0-301F-11D3-BF4B-00C04F79EFBC}") = "ArcEasyObjects", "ArcEasyObjects\ArcEasyObjects.csproj", "{F82C5EFC-EB34-44DA-BE63-2AB7E20E3A83}"
EndProject
Project("{FAE04EC0-301F-11D3-BF4B-00C04F79EFBC}") = "testeArcEasyObjects", "testeArcEasyObjects\testeArcEasyObjects.csproj", "{17EF860B-9936-4F22-91F7-198EDD2212D4}"
EndProject
Global
	GlobalSection(SolutionConfigurationPlatforms) = preSolution
		Debug|Any CPU = Debug|Any CPU
		Release|Any CPU = Release|Any CPU
	EndGlobalSection
	GlobalSection(ProjectConfigurationPlatforms) = postSolution
		{F82C5EFC-EB34-44DA-BE63-2AB7E20E3A83}.Debug|Any CPU.ActiveCfg = Debug|Any CPU
		{F82C5EFC-EB34-44DA-BE63-2AB7E20E3A83}.Debug|Any CPU.Build.0 = Debug|Any CPU
		{F82C5EFC-EB34-44DA-BE63-2AB7E20E3A83}.Release|Any CPU.ActiveCfg = Release|Any CPU
		{F82C5EFC-EB34-44DA-BE63-2AB7E20E3A83}.Release|Any CPU.Build.0 = Release|Any CPU
		{17EF860B-9936-4F22-91F7-198EDD2212D4}.Debug|Any CPU.ActiveCfg = Debug|Any CPU
		{17EF860B-9936-4F22-91F7-198EDD2212D4}.Debug|Any CPU.Build.0 = Debug|Any CPU
		{17EF860B-9936-4F22-91F7-198EDD2212D4}.Release|Any CPU.ActiveCfg = Release|Any CPU
		{17EF860B-9936-4F22-91F7-198EDD2212D4}.Release|Any CPU.Build.0 = Release|Any CPU
	EndGlobalSection
	GlobalSection(SolutionProperties) = preSolution
		HideSolutionNode = FALSE
	EndGlobalSection
EndGlobal
